
Microsoft Visual Studio Solution File, Format Version 12.00
# Visual Studio Version 16
VisualStudioVersion = 16.0.30503.244
MinimumVisualStudioVersion = 10.0.40219.1
Project("{FAE04EC0-301F-11D3-BF4B-00C04F79EFBC}") = "Cipher_Rabbit_Implementation", "Cipher_Rabbit_Implementation\Cipher_Rabbit_Implementation.csproj", "{A820F62D-2A72-429E-BC82-6058EC1190AB}"
EndProject
Global
	GlobalSection(SolutionConfigurationPlatforms) = preSolution
		Debug|Any CPU = Debug|Any CPU
		Release|Any CPU = Release|Any CPU
	EndGlobalSection
	GlobalSection(ProjectConfigurationPlatforms) = postSolution
		{A820F62D-2A72-429E-BC82-6058EC1190AB}.Debug|Any CPU.ActiveCfg = Debug|Any CPU
		{A820F62D-2A72-429E-BC82-6058EC1190AB}.Debug|Any CPU.Build.0 = Debug|Any CPU
		{A820F62D-2A72-429E-BC82-6058EC1190AB}.Release|Any CPU.ActiveCfg = Release|Any CPU
		{A820F62D-2A72-429E-BC82-6058EC1190AB}.Release|Any CPU.Build.0 = Release|Any CPU
	EndGlobalSection
	GlobalSection(SolutionProperties) = preSolution
		HideSolutionNode = FALSE
	EndGlobalSection
	GlobalSection(ExtensibilityGlobals) = postSolution
		SolutionGuid = {5D3C8554-D070-4A81-A936-92ADDD5B7BE6}
	EndGlobalSection
EndGlobal
